// !$*UTF8*$!
{
	archiveVersion = 1;
	classes = {
	};
	objectVersion = 50;
	objects = {

/* Begin PBXBuildFile section */
		E55D4B0C2579001B00ED1E69 /* TableItem.swift in Sources */ = {isa = PBXBuildFile; fileRef = E55D4B0B2579001B00ED1E69 /* TableItem.swift */; };
		E5F1E1892576619900F18461 /* AppDelegate.swift in Sources */ = {isa = PBXBuildFile; fileRef = E5F1E1882576619900F18461 /* AppDelegate.swift */; };
		E5F1E18B2576619900F18461 /* SceneDelegate.swift in Sources */ = {isa = PBXBuildFile; fileRef = E5F1E18A2576619900F18461 /* SceneDelegate.swift */; };
		E5F1E18D2576619900F18461 /* MainViewController.swift in Sources */ = {isa = PBXBuildFile; fileRef = E5F1E18C2576619900F18461 /* MainViewController.swift */; };
		E5F1E1902576619900F18461 /* Main.storyboard in Resources */ = {isa = PBXBuildFile; fileRef = E5F1E18E2576619900F18461 /* Main.storyboard */; };
		E5F1E1922576619A00F18461 /* Assets.xcassets in Resources */ = {isa = PBXBuildFile; fileRef = E5F1E1912576619A00F18461 /* Assets.xcassets */; };
		E5F1E1952576619A00F18461 /* LaunchScreen.storyboard in Resources */ = {isa = PBXBuildFile; fileRef = E5F1E1932576619A00F18461 /* LaunchScreen.storyboard */; };
/* End PBXBuildFile section */

/* Begin PBXFileReference section */
		E55D4B0B2579001B00ED1E69 /* TableItem.swift */ = {isa = PBXFileReference; lastKnownFileType = sourcecode.swift; path = TableItem.swift; sourceTree = "<group>"; };
		E5F1E1852576619900F18461 /* HomeWork_7.app */ = {isa = PBXFileReference; explicitFileType = wrapper.application; includeInIndex = 0; path = HomeWork_7.app; sourceTree = BUILT_PRODUCTS_DIR; };
		E5F1E1882576619900F18461 /* AppDelegate.swift */ = {isa = PBXFileReference; lastKnownFileType = sourcecode.swift; path = AppDelegate.swift; sourceTree = "<group>"; };
		E5F1E18A2576619900F18461 /* SceneDelegate.swift */ = {isa = PBXFileReference; lastKnownFileType = sourcecode.swift; path = SceneDelegate.swift; sourceTree = "<group>"; };
		E5F1E18C2576619900F18461 /* MainViewController.swift */ = {isa = PBXFileReference; lastKnownFileType = sourcecode.swift; path = MainViewController.swift; sourceTree = "<group>"; };
		E5F1E18F2576619900F18461 /* Base */ = {isa = PBXFileReference; lastKnownFileType = file.storyboard; name = Base; path = Base.lproj/Main.storyboard; sourceTree = "<group>"; };
		E5F1E1912576619A00F18461 /* Assets.xcassets */ = {isa = PBXFileReference; lastKnownFileType = folder.assetcatalog; path = Assets.xcassets; sourceTree = "<group>"; };
		E5F1E1942576619A00F18461 /* Base */ = {isa = PBXFileReference; lastKnownFileType = file.storyboard; name = Base; path = Base.lproj/LaunchScreen.storyboard; sourceTree = "<group>"; };
		E5F1E1962576619A00F18461 /* Info.plist */ = {isa = PBXFileReference; lastKnownFileType = text.plist.xml; path = Info.plist; sourceTree = "<group>"; };
/* End PBXFileReference section */

/* Begin PBXFrameworksBuildPhase section */
		E5F1E1822576619900F18461 /* Frameworks */ = {
			isa = PBXFrameworksBuildPhase;
			buildActionMask = 2147483647;
			files = (
			);
			runOnlyForDeploymentPostprocessing = 0;
		};
/* End PBXFrameworksBuildPhase section */

/* Begin PBXGroup section */
		E554902B2579537E00704311 /* ViewControllers */ = {
			isa = PBXGroup;
			children = (
				E5F1E18C2576619900F18461 /* MainViewController.swift */,
				E55D4B0B2579001B00ED1E69 /* TableItem.swift */,
			);
			path = ViewControllers;
			sourceTree = "<group>";
		};
		E554902C257953C100704311 /* Resources */ = {
			isa = PBXGroup;
			children = (
				E5F1E1932576619A00F18461 /* LaunchScreen.storyboard */,
				E5F1E18E2576619900F18461 /* Main.storyboard */,
				E5F1E1912576619A00F18461 /* Assets.xcassets */,
			);
			path = Resources;
			sourceTree = "<group>";
		};
		E5F1E17C2576619900F18461 = {
			isa = PBXGroup;
			children = (
				E5F1E1872576619900F18461 /* HomeWork_7 */,
				E5F1E1862576619900F18461 /* Products */,
			);
			sourceTree = "<group>";
		};
		E5F1E1862576619900F18461 /* Products */ = {
			isa = PBXGroup;
			children = (
				E5F1E1852576619900F18461 /* HomeWork_7.app */,
			);
			name = Products;
			sourceTree = "<group>";
		};
		E5F1E1872576619900F18461 /* HomeWork_7 */ = {
			isa = PBXGroup;
			children = (
				E5F1E1882576619900F18461 /* AppDelegate.swift */,
				E5F1E18A2576619900F18461 /* SceneDelegate.swift */,
				E554902C257953C100704311 /* Resources */,
				E554902B2579537E00704311 /* ViewControllers */,
				E5F1E1962576619A00F18461 /* Info.plist */,
			);
			path = HomeWork_7;
			sourceTree = "<group>";
		};
/* End PBXGroup section */

/* Begin PBXNativeTarget section */
		E5F1E1842576619900F18461 /* HomeWork_7 */ = {
			isa = PBXNativeTarget;
			buildConfigurationList = E5F1E1992576619A00F18461 /* Build configuration list for PBXNativeTarget "HomeWork_7" */;
			buildPhases = (
				E5F1E1812576619900F18461 /* Sources */,
				E5F1E1822576619900F18461 /* Frameworks */,
				E5F1E1832576619900F18461 /* Resources */,
			);
			buildRules = (
			);
			dependencies = (
			);
			name = HomeWork_7;
			productName = HomeWork_7;
			productReference = E5F1E1852576619900F18461 /* HomeWork_7.app */;
			productType = "com.apple.product-type.application";
		};
/* End PBXNativeTarget section */

/* Begin PBXProject section */
		E5F1E17D2576619900F18461 /* Project object */ = {
			isa = PBXProject;
			attributes = {
				LastSwiftUpdateCheck = 1200;
				LastUpgradeCheck = 1200;
				TargetAttributes = {
					E5F1E1842576619900F18461 = {
						CreatedOnToolsVersion = 12.0.1;
					};
				};
			};
			buildConfigurationList = E5F1E1802576619900F18461 /* Build configuration list for PBXProject "HomeWork_7" */;
			compatibilityVersion = "Xcode 9.3";
			developmentRegion = en;
			hasScannedForEncodings = 0;
			knownRegions = (
				en,
				Base,
			);
			mainGroup = E5F1E17C2576619900F18461;
			productRefGroup = E5F1E1862576619900F18461 /* Products */;
			projectDirPath = "";
			projectRoot = "";
			targets = (
				E5F1E1842576619900F18461 /* HomeWork_7 */,
			);
		};
/* End PBXProject section */

/* Begin PBXResourcesBuildPhase section */
		E5F1E1832576619900F18461 /* Resources */ = {
			isa = PBXResourcesBuildPhase;
			buildActionMask = 2147483647;
			files = (
				E5F1E1952576619A00F18461 /* LaunchScreen.storyboard in Resources */,
				E5F1E1922576619A00F18461 /* Assets.xcassets in Resources */,
				E5F1E1902576619900F18461 /* Main.storyboard in Resources */,
			);
			runOnlyForDeploymentPostprocessing = 0;
		};
/* End PBXResourcesBuildPhase section */

/* Begin PBXSourcesBuildPhase section */
		E5F1E1812576619900F18461 /* Sources */ = {
			isa = PBXSourcesBuildPhase;
			buildActionMask = 2147483647;
			files = (
				E5F1E18D2576619900F18461 /* MainViewController.swift in Sources */,
				E55D4B0C2579001B00ED1E69 /* TableItem.swift in Sources */,
				E5F1E1892576619900F18461 /* AppDelegate.swift in Sources */,
				E5F1E18B2576619900F18461 /* SceneDelegate.swift in Sources */,
			);
			runOnlyForDeploymentPostprocessing = 0;
		};
/* End PBXSourcesBuildPhase section */

/* Begin PBXVariantGroup section */
		E5F1E18E2576619900F18461 /* Main.storyboard */ = {
			isa = PBXVariantGroup;
			children = (
				E5F1E18F2576619900F18461 /* Base */,
			);
			name = Main.storyboard;
			sourceTree = "<group>";
		};
		E5F1E1932576619A00F18461 /* LaunchScreen.storyboard */ = {
			isa = PBXVariantGroup;
			children = (
				E5F1E1942576619A00F18461 /* Base */,
			);
			name = LaunchScreen.storyboard;
			sourceTree = "<group>";
		};
/* End PBXVariantGroup section */

/* Begin XCBuildConfiguration section */
		E5F1E1972576619A00F18461 /* Debug */ = {
			isa = XCBuildConfiguration;
			buildSettings = {
				ALWAYS_SEARCH_USER_PATHS = NO;
				CLANG_ANALYZER_NONNULL = YES;
				CLANG_ANALYZER_NUMBER_OBJECT_CONVERSION = YES_AGGRESSIVE;
				CLANG_CXX_LANGUAGE_STANDARD = "gnu++14";
				CLANG_CXX_LIBRARY = "libc++";
				CLANG_ENABLE_MODULES = YES;
				CLANG_ENABLE_OBJC_ARC = YES;
				CLANG_ENABLE_OBJC_WEAK = YES;
				CLANG_WARN_BLOCK_CAPTURE_AUTORELEASING = YES;
				CLANG_WARN_BOOL_CONVERSION = YES;
				CLANG_WARN_COMMA = YES;
				CLANG_WARN_CONSTANT_CONVERSION = YES;
				CLANG_WARN_DEPRECATED_OBJC_IMPLEMENTATIONS = YES;
				CLANG_WARN_DIRECT_OBJC_ISA_USAGE = YES_ERROR;
				CLANG_WARN_DOCUMENTATION_COMMENTS = YES;
				CLANG_WARN_EMPTY_BODY = YES;
				CLANG_WARN_ENUM_CONVERSION = YES;
				CLANG_WARN_INFINITE_RECURSION = YES;
				CLANG_WARN_INT_CONVERSION = YES;
				CLANG_WARN_NON_LITERAL_NULL_CONVERSION = YES;
				CLANG_WARN_OBJC_IMPLICIT_RETAIN_SELF = YES;
				CLANG_WARN_OBJC_LITERAL_CONVERSION = YES;
				CLANG_WARN_OBJC_ROOT_CLASS = YES_ERROR;
				CLANG_WARN_QUOTED_INCLUDE_IN_FRAMEWORK_HEADER = YES;
				CLANG_WARN_RANGE_LOOP_ANALYSIS = YES;
				CLANG_WARN_STRICT_PROTOTYPES = YES;
				CLANG_WARN_SUSPICIOUS_MOVE = YES;
				CLANG_WARN_UNGUARDED_AVAILABILITY = YES_AGGRESSIVE;
				CLANG_WARN_UNREACHABLE_CODE = YES;
				CLANG_WARN__DUPLICATE_METHOD_MATCH = YES;
				COPY_PHASE_STRIP = NO;
				DEBUG_INFORMATION_FORMAT = dwarf;
				ENABLE_STRICT_OBJC_MSGSEND = YES;
				ENABLE_TESTABILITY = YES;
				GCC_C_LANGUAGE_STANDARD = gnu11;
				GCC_DYNAMIC_NO_PIC = NO;
				GCC_NO_COMMON_BLOCKS = YES;
				GCC_OPTIMIZATION_LEVEL = 0;
				GCC_PREPROCESSOR_DEFINITIONS = (
					"DEBUG=1",
					"$(inherited)",
				);
				GCC_WARN_64_TO_32_BIT_CONVERSION = YES;
				GCC_WARN_ABOUT_RETURN_TYPE = YES_ERROR;
				GCC_WARN_UNDECLARED_SELECTOR = YES;
				GCC_WARN_UNINITIALIZED_AUTOS = YES_AGGRESSIVE;
				GCC_WARN_UNUSED_FUNCTION = YES;
				GCC_WARN_UNUSED_VARIABLE = YES;
				IPHONEOS_DEPLOYMENT_TARGET = 14.0;
				MTL_ENABLE_DEBUG_INFO = INCLUDE_SOURCE;
				MTL_FAST_MATH = YES;
				ONLY_ACTIVE_ARCH = YES;
				SDKROOT = iphoneos;
				SWIFT_ACTIVE_COMPILATION_CONDITIONS = DEBUG;
				SWIFT_OPTIMIZATION_LEVEL = "-Onone";
			};
			name = Debug;
		};
		E5F1E1982576619A00F18461 /* Release */ = {
			isa = XCBuildConfiguration;
			buildSettings = {
				ALWAYS_SEARCH_USER_PATHS = NO;
				CLANG_ANALYZER_NONNULL = YES;
				CLANG_ANALYZER_NUMBER_OBJECT_CONVERSION = YES_AGGRESSIVE;
				CLANG_CXX_LANGUAGE_STANDARD = "gnu++14";
				CLANG_CXX_LIBRARY = "libc++";
				CLANG_ENABLE_MODULES = YES;
				CLANG_ENABLE_OBJC_ARC = YES;
				CLANG_ENABLE_OBJC_WEAK = YES;
				CLANG_WARN_BLOCK_CAPTURE_AUTORELEASING = YES;
				CLANG_WARN_BOOL_CONVERSION = YES;
				CLANG_WARN_COMMA = YES;
				CLANG_WARN_CONSTANT_CONVERSION = YES;
				CLANG_WARN_DEPRECATED_OBJC_IMPLEMENTATIONS = YES;
				CLANG_WARN_DIRECT_OBJC_ISA_USAGE = YES_ERROR;
				CLANG_WARN_DOCUMENTATION_COMMENTS = YES;
				CLANG_WARN_EMPTY_BODY = YES;
				CLANG_WARN_ENUM_CONVERSION = YES;
				CLANG_WARN_INFINITE_RECURSION = YES;
				CLANG_WARN_INT_CONVERSION = YES;
				CLANG_WARN_NON_LITERAL_NULL_CONVERSION = YES;
				CLANG_WARN_OBJC_IMPLICIT_RETAIN_SELF = YES;
				CLANG_WARN_OBJC_LITERAL_CONVERSION = YES;
				CLANG_WARN_OBJC_ROOT_CLASS = YES_ERROR;
				CLANG_WARN_QUOTED_INCLUDE_IN_FRAMEWORK_HEADER = YES;
				CLANG_WARN_RANGE_LOOP_ANALYSIS = YES;
				CLANG_WARN_STRICT_PROTOTYPES = YES;
				CLANG_WARN_SUSPICIOUS_MOVE = YES;
				CLANG_WARN_UNGUARDED_AVAILABILITY = YES_AGGRESSIVE;
				CLANG_WARN_UNREACHABLE_CODE = YES;
				CLANG_WARN__DUPLICATE_METHOD_MATCH = YES;
				COPY_PHASE_STRIP = NO;
				DEBUG_INFORMATION_FORMAT = "dwarf-with-dsym";
				ENABLE_NS_ASSERTIONS = NO;
				ENABLE_STRICT_OBJC_MSGSEND = YES;
				GCC_C_LANGUAGE_STANDARD = gnu11;
				GCC_NO_COMMON_BLOCKS = YES;
				GCC_WARN_64_TO_32_BIT_CONVERSION = YES;
				GCC_WARN_ABOUT_RETURN_TYPE = YES_ERROR;
				GCC_WARN_UNDECLARED_SELECTOR = YES;
				GCC_WARN_UNINITIALIZED_AUTOS = YES_AGGRESSIVE;
				GCC_WARN_UNUSED_FUNCTION = YES;
				GCC_WARN_UNUSED_VARIABLE = YES;
				IPHONEOS_DEPLOYMENT_TARGET = 14.0;
				MTL_ENABLE_DEBUG_INFO = NO;
				MTL_FAST_MATH = YES;
				SDKROOT = iphoneos;
				SWIFT_COMPILATION_MODE = wholemodule;
				SWIFT_OPTIMIZATION_LEVEL = "-O";
				VALIDATE_PRODUCT = YES;
			};
			name = Release;
		};
		E5F1E19A2576619A00F18461 /* Debug */ = {
			isa = XCBuildConfiguration;
			buildSettings = {
				ASSETCATALOG_COMPILER_APPICON_NAME = AppIcon;
				ASSETCATALOG_COMPILER_GLOBAL_ACCENT_COLOR_NAME = AccentColor;
				CODE_SIGN_STYLE = Automatic;
				INFOPLIST_FILE = HomeWork_7/Info.plist;
				LD_RUNPATH_SEARCH_PATHS = (
					"$(inherited)",
					"@executable_path/Frameworks",
				);
				PRODUCT_BUNDLE_IDENTIFIER = "name.MaxFerrara.HomeWork-7";
				PRODUCT_NAME = "$(TARGET_NAME)";
				SWIFT_VERSION = 5.0;
				TARGETED_DEVICE_FAMILY = "1,2";
			};
			name = Debug;
		};
		E5F1E19B2576619A00F18461 /* Release */ = {
			isa = XCBuildConfiguration;
			buildSettings = {
				ASSETCATALOG_COMPILER_APPICON_NAME = AppIcon;
				ASSETCATALOG_COMPILER_GLOBAL_ACCENT_COLOR_NAME = AccentColor;
				CODE_SIGN_STYLE = Automatic;
				INFOPLIST_FILE = HomeWork_7/Info.plist;
				LD_RUNPATH_SEARCH_PATHS = (
					"$(inherited)",
					"@executable_path/Frameworks",
				);
				PRODUCT_BUNDLE_IDENTIFIER = "name.MaxFerrara.HomeWork-7";
				PRODUCT_NAME = "$(TARGET_NAME)";
				SWIFT_VERSION = 5.0;
				TARGETED_DEVICE_FAMILY = "1,2";
			};
			name = Release;
		};
/* End XCBuildConfiguration section */

/* Begin XCConfigurationList section */
		E5F1E1802576619900F18461 /* Build configuration list for PBXProject "HomeWork_7" */ = {
			isa = XCConfigurationList;
			buildConfigurations = (
				E5F1E1972576619A00F18461 /* Debug */,
				E5F1E1982576619A00F18461 /* Release */,
			);
			defaultConfigurationIsVisible = 0;
			defaultConfigurationName = Release;
		};
		E5F1E1992576619A00F18461 /* Build configuration list for PBXNativeTarget "HomeWork_7" */ = {
			isa = XCConfigurationList;
			buildConfigurations = (
				E5F1E19A2576619A00F18461 /* Debug */,
				E5F1E19B2576619A00F18461 /* Release */,
			);
			defaultConfigurationIsVisible = 0;
			defaultConfigurationName = Release;
		};
/* End XCConfigurationList section */
	};
	rootObject = E5F1E17D2576619900F18461 /* Project object */;
}
